
Microsoft Visual Studio Solution File, Format Version 12.00
# Visual Studio 14
VisualStudioVersion = 14.0.25123.0
MinimumVisualStudioVersion = 10.0.40219.1
Project("{FAE04EC0-301F-11D3-BF4B-00C04F79EFBC}") = "DKSH_Promotion.Droid", "DKSH_Promotion\DKSH_Promotion.Droid\DKSH_Promotion.Droid.csproj", "{15AFFCBB-CC83-4880-8D30-68B7269C5019}"
EndProject
Project("{FAE04EC0-301F-11D3-BF4B-00C04F79EFBC}") = "DKSH_Promotion.iOS", "DKSH_Promotion\DKSH_Promotion.iOS\DKSH_Promotion.iOS.csproj", "{E6D1684A-3E64-4A24-97D8-F8BA0DB3943C}"
EndProject
Project("{FAE04EC0-301F-11D3-BF4B-00C04F79EFBC}") = "DKSH_Promotion.WinPhone", "DKSH_Promotion\DKSH_Promotion.WinPhone\DKSH_Promotion.WinPhone.csproj", "{8FC49709-9418-47A2-9204-2276DE2B4542}"
EndProject
Project("{FAE04EC0-301F-11D3-BF4B-00C04F79EFBC}") = "DKSH_Promotion.Windows", "DKSH_Promotion\DKSH_Promotion.Windows\DKSH_Promotion.Windows.csproj", "{2BD21949-238C-416D-B467-07E7ACB6EF28}"
EndProject
Project("{FAE04EC0-301F-11D3-BF4B-00C04F79EFBC}") = "DKSH_Promotion", "DKSH_Promotion\DKSH_Promotion\DKSH_Promotion.csproj", "{08A4CDBD-48D9-4C0B-8E2B-B323FD6FE5E0}"
EndProject
Global
	GlobalSection(SolutionConfigurationPlatforms) = preSolution
		Ad-Hoc|Any CPU = Ad-Hoc|Any CPU
		Ad-Hoc|ARM = Ad-Hoc|ARM
		Ad-Hoc|iPhone = Ad-Hoc|iPhone
		Ad-Hoc|iPhoneSimulator = Ad-Hoc|iPhoneSimulator
		Ad-Hoc|x64 = Ad-Hoc|x64
		Ad-Hoc|x86 = Ad-Hoc|x86
		AppStore|Any CPU = AppStore|Any CPU
		AppStore|ARM = AppStore|ARM
		AppStore|iPhone = AppStore|iPhone
		AppStore|iPhoneSimulator = AppStore|iPhoneSimulator
		AppStore|x64 = AppStore|x64
		AppStore|x86 = AppStore|x86
		Debug|Any CPU = Debug|Any CPU
		Debug|ARM = Debug|ARM
		Debug|iPhone = Debug|iPhone
		Debug|iPhoneSimulator = Debug|iPhoneSimulator
		Debug|x64 = Debug|x64
		Debug|x86 = Debug|x86
		Release|Any CPU = Release|Any CPU
		Release|ARM = Release|ARM
		Release|iPhone = Release|iPhone
		Release|iPhoneSimulator = Release|iPhoneSimulator
		Release|x64 = Release|x64
		Release|x86 = Release|x86
	EndGlobalSection
	GlobalSection(ProjectConfigurationPlatforms) = postSolution
		{15AFFCBB-CC83-4880-8D30-68B7269C5019}.Ad-Hoc|Any CPU.ActiveCfg = Release|Any CPU
		{15AFFCBB-CC83-4880-8D30-68B7269C5019}.Ad-Hoc|Any CPU.Build.0 = Release|Any CPU
		{15AFFCBB-CC83-4880-8D30-68B7269C5019}.Ad-Hoc|Any CPU.Deploy.0 = Release|Any CPU
		{15AFFCBB-CC83-4880-8D30-68B7269C5019}.Ad-Hoc|ARM.ActiveCfg = Release|Any CPU
		{15AFFCBB-CC83-4880-8D30-68B7269C5019}.Ad-Hoc|ARM.Build.0 = Release|Any CPU
		{15AFFCBB-CC83-4880-8D30-68B7269C5019}.Ad-Hoc|ARM.Deploy.0 = Release|Any CPU
		{15AFFCBB-CC83-4880-8D30-68B7269C5019}.Ad-Hoc|iPhone.ActiveCfg = Release|Any CPU
		{15AFFCBB-CC83-4880-8D30-68B7269C5019}.Ad-Hoc|iPhone.Build.0 = Release|Any CPU
		{15AFFCBB-CC83-4880-8D30-68B7269C5019}.Ad-Hoc|iPhone.Deploy.0 = Release|Any CPU
		{15AFFCBB-CC83-4880-8D30-68B7269C5019}.Ad-Hoc|iPhoneSimulator.ActiveCfg = Release|Any CPU
		{15AFFCBB-CC83-4880-8D30-68B7269C5019}.Ad-Hoc|iPhoneSimulator.Build.0 = Release|Any CPU
		{15AFFCBB-CC83-4880-8D30-68B7269C5019}.Ad-Hoc|iPhoneSimulator.Deploy.0 = Release|Any CPU
		{15AFFCBB-CC83-4880-8D30-68B7269C5019}.Ad-Hoc|x64.ActiveCfg = Release|Any CPU
		{15AFFCBB-CC83-4880-8D30-68B7269C5019}.Ad-Hoc|x64.Build.0 = Release|Any CPU
		{15AFFCBB-CC83-4880-8D30-68B7269C5019}.Ad-Hoc|x64.Deploy.0 = Release|Any CPU
		{15AFFCBB-CC83-4880-8D30-68B7269C5019}.Ad-Hoc|x86.ActiveCfg = Release|Any CPU
		{15AFFCBB-CC83-4880-8D30-68B7269C5019}.Ad-Hoc|x86.Build.0 = Release|Any CPU
		{15AFFCBB-CC83-4880-8D30-68B7269C5019}.Ad-Hoc|x86.Deploy.0 = Release|Any CPU
		{15AFFCBB-CC83-4880-8D30-68B7269C5019}.AppStore|Any CPU.ActiveCfg = Release|Any CPU
		{15AFFCBB-CC83-4880-8D30-68B7269C5019}.AppStore|Any CPU.Build.0 = Release|Any CPU
		{15AFFCBB-CC83-4880-8D30-68B7269C5019}.AppStore|Any CPU.Deploy.0 = Release|Any CPU
		{15AFFCBB-CC83-4880-8D30-68B7269C5019}.AppStore|ARM.ActiveCfg = Release|Any CPU
		{15AFFCBB-CC83-4880-8D30-68B7269C5019}.AppStore|ARM.Build.0 = Release|Any CPU
		{15AFFCBB-CC83-4880-8D30-68B7269C5019}.AppStore|ARM.Deploy.0 = Release|Any CPU
		{15AFFCBB-CC83-4880-8D30-68B7269C5019}.AppStore|iPhone.ActiveCfg = Release|Any CPU
		{15AFFCBB-CC83-4880-8D30-68B7269C5019}.AppStore|iPhone.Build.0 = Release|Any CPU
		{15AFFCBB-CC83-4880-8D30-68B7269C5019}.AppStore|iPhone.Deploy.0 = Release|Any CPU
		{15AFFCBB-CC83-4880-8D30-68B7269C5019}.AppStore|iPhoneSimulator.ActiveCfg = Release|Any CPU
		{15AFFCBB-CC83-4880-8D30-68B7269C5019}.AppStore|iPhoneSimulator.Build.0 = Release|Any CPU
		{15AFFCBB-CC83-4880-8D30-68B7269C5019}.AppStore|iPhoneSimulator.Deploy.0 = Release|Any CPU
		{15AFFCBB-CC83-4880-8D30-68B7269C5019}.AppStore|x64.ActiveCfg = Release|Any CPU
		{15AFFCBB-CC83-4880-8D30-68B7269C5019}.AppStore|x64.Build.0 = Release|Any CPU
		{15AFFCBB-CC83-4880-8D30-68B7269C5019}.AppStore|x64.Deploy.0 = Release|Any CPU
		{15AFFCBB-CC83-4880-8D30-68B7269C5019}.AppStore|x86.ActiveCfg = Release|Any CPU
		{15AFFCBB-CC83-4880-8D30-68B7269C5019}.AppStore|x86.Build.0 = Release|Any CPU
		{15AFFCBB-CC83-4880-8D30-68B7269C5019}.AppStore|x86.Deploy.0 = Release|Any CPU
		{15AFFCBB-CC83-4880-8D30-68B7269C5019}.Debug|Any CPU.ActiveCfg = Debug|Any CPU
		{15AFFCBB-CC83-4880-8D30-68B7269C5019}.Debug|Any CPU.Build.0 = Debug|Any CPU
		{15AFFCBB-CC83-4880-8D30-68B7269C5019}.Debug|Any CPU.Deploy.0 = Debug|Any CPU
		{15AFFCBB-CC83-4880-8D30-68B7269C5019}.Debug|ARM.ActiveCfg = Debug|Any CPU
		{15AFFCBB-CC83-4880-8D30-68B7269C5019}.Debug|ARM.Build.0 = Debug|Any CPU
		{15AFFCBB-CC83-4880-8D30-68B7269C5019}.Debug|ARM.Deploy.0 = Debug|Any CPU
		{15AFFCBB-CC83-4880-8D30-68B7269C5019}.Debug|iPhone.ActiveCfg = Debug|Any CPU
		{15AFFCBB-CC83-4880-8D30-68B7269C5019}.Debug|iPhone.Build.0 = Debug|Any CPU
		{15AFFCBB-CC83-4880-8D30-68B7269C5019}.Debug|iPhone.Deploy.0 = Debug|Any CPU
		{15AFFCBB-CC83-4880-8D30-68B7269C5019}.Debug|iPhoneSimulator.ActiveCfg = Debug|Any CPU
		{15AFFCBB-CC83-4880-8D30-68B7269C5019}.Debug|iPhoneSimulator.Build.0 = Debug|Any CPU
		{15AFFCBB-CC83-4880-8D30-68B7269C5019}.Debug|iPhoneSimulator.Deploy.0 = Debug|Any CPU
		{15AFFCBB-CC83-4880-8D30-68B7269C5019}.Debug|x64.ActiveCfg = Debug|Any CPU
		{15AFFCBB-CC83-4880-8D30-68B7269C5019}.Debug|x64.Build.0 = Debug|Any CPU
		{15AFFCBB-CC83-4880-8D30-68B7269C5019}.Debug|x64.Deploy.0 = Debug|Any CPU
		{15AFFCBB-CC83-4880-8D30-68B7269C5019}.Debug|x86.ActiveCfg = Debug|Any CPU
		{15AFFCBB-CC83-4880-8D30-68B7269C5019}.Debug|x86.Build.0 = Debug|Any CPU
		{15AFFCBB-CC83-4880-8D30-68B7269C5019}.Debug|x86.Deploy.0 = Debug|Any CPU
		{15AFFCBB-CC83-4880-8D30-68B7269C5019}.Release|Any CPU.ActiveCfg = Release|Any CPU
		{15AFFCBB-CC83-4880-8D30-68B7269C5019}.Release|Any CPU.Build.0 = Release|Any CPU
		{15AFFCBB-CC83-4880-8D30-68B7269C5019}.Release|Any CPU.Deploy.0 = Release|Any CPU
		{15AFFCBB-CC83-4880-8D30-68B7269C5019}.Release|ARM.ActiveCfg = Release|Any CPU
		{15AFFCBB-CC83-4880-8D30-68B7269C5019}.Release|ARM.Build.0 = Release|Any CPU
		{15AFFCBB-CC83-4880-8D30-68B7269C5019}.Release|ARM.Deploy.0 = Release|Any CPU
		{15AFFCBB-CC83-4880-8D30-68B7269C5019}.Release|iPhone.ActiveCfg = Release|Any CPU
		{15AFFCBB-CC83-4880-8D30-68B7269C5019}.Release|iPhone.Build.0 = Release|Any CPU
		{15AFFCBB-CC83-4880-8D30-68B7269C5019}.Release|iPhone.Deploy.0 = Release|Any CPU
		{15AFFCBB-CC83-4880-8D30-68B7269C5019}.Release|iPhoneSimulator.ActiveCfg = Release|Any CPU
		{15AFFCBB-CC83-4880-8D30-68B7269C5019}.Release|iPhoneSimulator.Build.0 = Release|Any CPU
		{15AFFCBB-CC83-4880-8D30-68B7269C5019}.Release|iPhoneSimulator.Deploy.0 = Release|Any CPU
		{15AFFCBB-CC83-4880-8D30-68B7269C5019}.Release|x64.ActiveCfg = Release|Any CPU
		{15AFFCBB-CC83-4880-8D30-68B7269C5019}.Release|x64.Build.0 = Release|Any CPU
		{15AFFCBB-CC83-4880-8D30-68B7269C5019}.Release|x64.Deploy.0 = Release|Any CPU
		{15AFFCBB-CC83-4880-8D30-68B7269C5019}.Release|x86.ActiveCfg = Release|Any CPU
		{15AFFCBB-CC83-4880-8D30-68B7269C5019}.Release|x86.Build.0 = Release|Any CPU
		{15AFFCBB-CC83-4880-8D30-68B7269C5019}.Release|x86.Deploy.0 = Release|Any CPU
		{E6D1684A-3E64-4A24-97D8-F8BA0DB3943C}.Ad-Hoc|Any CPU.ActiveCfg = Ad-Hoc|iPhone
		{E6D1684A-3E64-4A24-97D8-F8BA0DB3943C}.Ad-Hoc|ARM.ActiveCfg = Ad-Hoc|iPhone
		{E6D1684A-3E64-4A24-97D8-F8BA0DB3943C}.Ad-Hoc|iPhone.ActiveCfg = Ad-Hoc|iPhone
		{E6D1684A-3E64-4A24-97D8-F8BA0DB3943C}.Ad-Hoc|iPhone.Build.0 = Ad-Hoc|iPhone
		{E6D1684A-3E64-4A24-97D8-F8BA0DB3943C}.Ad-Hoc|iPhoneSimulator.ActiveCfg = Ad-Hoc|iPhoneSimulator
		{E6D1684A-3E64-4A24-97D8-F8BA0DB3943C}.Ad-Hoc|iPhoneSimulator.Build.0 = Ad-Hoc|iPhoneSimulator
		{E6D1684A-3E64-4A24-97D8-F8BA0DB3943C}.Ad-Hoc|x64.ActiveCfg = Ad-Hoc|iPhone
		{E6D1684A-3E64-4A24-97D8-F8BA0DB3943C}.Ad-Hoc|x86.ActiveCfg = Ad-Hoc|iPhone
		{E6D1684A-3E64-4A24-97D8-F8BA0DB3943C}.AppStore|Any CPU.ActiveCfg = AppStore|iPhone
		{E6D1684A-3E64-4A24-97D8-F8BA0DB3943C}.AppStore|ARM.ActiveCfg = AppStore|iPhone
		{E6D1684A-3E64-4A24-97D8-F8BA0DB3943C}.AppStore|iPhone.ActiveCfg = AppStore|iPhone
		{E6D1684A-3E64-4A24-97D8-F8BA0DB3943C}.AppStore|iPhone.Build.0 = AppStore|iPhone
		{E6D1684A-3E64-4A24-97D8-F8BA0DB3943C}.AppStore|iPhoneSimulator.ActiveCfg = AppStore|iPhoneSimulator
		{E6D1684A-3E64-4A24-97D8-F8BA0DB3943C}.AppStore|iPhoneSimulator.Build.0 = AppStore|iPhoneSimulator
		{E6D1684A-3E64-4A24-97D8-F8BA0DB3943C}.AppStore|x64.ActiveCfg = AppStore|iPhone
		{E6D1684A-3E64-4A24-97D8-F8BA0DB3943C}.AppStore|x86.ActiveCfg = AppStore|iPhone
		{E6D1684A-3E64-4A24-97D8-F8BA0DB3943C}.Debug|Any CPU.ActiveCfg = Debug|iPhone
		{E6D1684A-3E64-4A24-97D8-F8BA0DB3943C}.Debug|ARM.ActiveCfg = Debug|iPhone
		{E6D1684A-3E64-4A24-97D8-F8BA0DB3943C}.Debug|iPhone.ActiveCfg = Debug|iPhone
		{E6D1684A-3E64-4A24-97D8-F8BA0DB3943C}.Debug|iPhone.Build.0 = Debug|iPhone
		{E6D1684A-3E64-4A24-97D8-F8BA0DB3943C}.Debug|iPhoneSimulator.ActiveCfg = Debug|iPhoneSimulator
		{E6D1684A-3E64-4A24-97D8-F8BA0DB3943C}.Debug|iPhoneSimulator.Build.0 = Debug|iPhoneSimulator
		{E6D1684A-3E64-4A24-97D8-F8BA0DB3943C}.Debug|x64.ActiveCfg = Debug|iPhone
		{E6D1684A-3E64-4A24-97D8-F8BA0DB3943C}.Debug|x86.ActiveCfg = Debug|iPhone
		{E6D1684A-3E64-4A24-97D8-F8BA0DB3943C}.Release|Any CPU.ActiveCfg = Release|iPhone
		{E6D1684A-3E64-4A24-97D8-F8BA0DB3943C}.Release|ARM.ActiveCfg = Release|iPhone
		{E6D1684A-3E64-4A24-97D8-F8BA0DB3943C}.Release|iPhone.ActiveCfg = Release|iPhone
		{E6D1684A-3E64-4A24-97D8-F8BA0DB3943C}.Release|iPhone.Build.0 = Release|iPhone
		{E6D1684A-3E64-4A24-97D8-F8BA0DB3943C}.Release|iPhoneSimulator.ActiveCfg = Release|iPhoneSimulator
		{E6D1684A-3E64-4A24-97D8-F8BA0DB3943C}.Release|iPhoneSimulator.Build.0 = Release|iPhoneSimulator
		{E6D1684A-3E64-4A24-97D8-F8BA0DB3943C}.Release|x64.ActiveCfg = Release|iPhone
		{E6D1684A-3E64-4A24-97D8-F8BA0DB3943C}.Release|x86.ActiveCfg = Release|iPhone
		{8FC49709-9418-47A2-9204-2276DE2B4542}.Ad-Hoc|Any CPU.ActiveCfg = Release|Any CPU
		{8FC49709-9418-47A2-9204-2276DE2B4542}.Ad-Hoc|Any CPU.Build.0 = Release|Any CPU
		{8FC49709-9418-47A2-9204-2276DE2B4542}.Ad-Hoc|Any CPU.Deploy.0 = Release|Any CPU
		{8FC49709-9418-47A2-9204-2276DE2B4542}.Ad-Hoc|ARM.ActiveCfg = Release|ARM
		{8FC49709-9418-47A2-9204-2276DE2B4542}.Ad-Hoc|ARM.Build.0 = Release|ARM
		{8FC49709-9418-47A2-9204-2276DE2B4542}.Ad-Hoc|ARM.Deploy.0 = Release|ARM
		{8FC49709-9418-47A2-9204-2276DE2B4542}.Ad-Hoc|iPhone.ActiveCfg = Release|Any CPU
		{8FC49709-9418-47A2-9204-2276DE2B4542}.Ad-Hoc|iPhone.Build.0 = Release|Any CPU
		{8FC49709-9418-47A2-9204-2276DE2B4542}.Ad-Hoc|iPhone.Deploy.0 = Release|Any CPU
		{8FC49709-9418-47A2-9204-2276DE2B4542}.Ad-Hoc|iPhoneSimulator.ActiveCfg = Release|Any CPU
		{8FC49709-9418-47A2-9204-2276DE2B4542}.Ad-Hoc|iPhoneSimulator.Build.0 = Release|Any CPU
		{8FC49709-9418-47A2-9204-2276DE2B4542}.Ad-Hoc|iPhoneSimulator.Deploy.0 = Release|Any CPU
		{8FC49709-9418-47A2-9204-2276DE2B4542}.Ad-Hoc|x64.ActiveCfg = Release|Any CPU
		{8FC49709-9418-47A2-9204-2276DE2B4542}.Ad-Hoc|x64.Build.0 = Release|Any CPU
		{8FC49709-9418-47A2-9204-2276DE2B4542}.Ad-Hoc|x64.Deploy.0 = Release|Any CPU
		{8FC49709-9418-47A2-9204-2276DE2B4542}.Ad-Hoc|x86.ActiveCfg = Release|x86
		{8FC49709-9418-47A2-9204-2276DE2B4542}.Ad-Hoc|x86.Build.0 = Release|x86
		{8FC49709-9418-47A2-9204-2276DE2B4542}.Ad-Hoc|x86.Deploy.0 = Release|x86
		{8FC49709-9418-47A2-9204-2276DE2B4542}.AppStore|Any CPU.ActiveCfg = Release|Any CPU
		{8FC49709-9418-47A2-9204-2276DE2B4542}.AppStore|Any CPU.Build.0 = Release|Any CPU
		{8FC49709-9418-47A2-9204-2276DE2B4542}.AppStore|Any CPU.Deploy.0 = Release|Any CPU
		{8FC49709-9418-47A2-9204-2276DE2B4542}.AppStore|ARM.ActiveCfg = Release|ARM
		{8FC49709-9418-47A2-9204-2276DE2B4542}.AppStore|ARM.Build.0 = Release|ARM
		{8FC49709-9418-47A2-9204-2276DE2B4542}.AppStore|ARM.Deploy.0 = Release|ARM
		{8FC49709-9418-47A2-9204-2276DE2B4542}.AppStore|iPhone.ActiveCfg = Release|Any CPU
		{8FC49709-9418-47A2-9204-2276DE2B4542}.AppStore|iPhone.Build.0 = Release|Any CPU
		{8FC49709-9418-47A2-9204-2276DE2B4542}.AppStore|iPhone.Deploy.0 = Release|Any CPU
		{8FC49709-9418-47A2-9204-2276DE2B4542}.AppStore|iPhoneSimulator.ActiveCfg = Release|Any CPU
		{8FC49709-9418-47A2-9204-2276DE2B4542}.AppStore|iPhoneSimulator.Build.0 = Release|Any CPU
		{8FC49709-9418-47A2-9204-2276DE2B4542}.AppStore|iPhoneSimulator.Deploy.0 = Release|Any CPU
		{8FC49709-9418-47A2-9204-2276DE2B4542}.AppStore|x64.ActiveCfg = Release|Any CPU
		{8FC49709-9418-47A2-9204-2276DE2B4542}.AppStore|x64.Build.0 = Release|Any CPU
		{8FC49709-9418-47A2-9204-2276DE2B4542}.AppStore|x64.Deploy.0 = Release|Any CPU
		{8FC49709-9418-47A2-9204-2276DE2B4542}.AppStore|x86.ActiveCfg = Release|x86
		{8FC49709-9418-47A2-9204-2276DE2B4542}.AppStore|x86.Build.0 = Release|x86
		{8FC49709-9418-47A2-9204-2276DE2B4542}.AppStore|x86.Deploy.0 = Release|x86
		{8FC49709-9418-47A2-9204-2276DE2B4542}.Debug|Any CPU.ActiveCfg = Debug|Any CPU
		{8FC49709-9418-47A2-9204-2276DE2B4542}.Debug|Any CPU.Build.0 = Debug|Any CPU
		{8FC49709-9418-47A2-9204-2276DE2B4542}.Debug|Any CPU.Deploy.0 = Debug|Any CPU
		{8FC49709-9418-47A2-9204-2276DE2B4542}.Debug|ARM.ActiveCfg = Debug|ARM
		{8FC49709-9418-47A2-9204-2276DE2B4542}.Debug|ARM.Build.0 = Debug|ARM
		{8FC49709-9418-47A2-9204-2276DE2B4542}.Debug|ARM.Deploy.0 = Debug|ARM
		{8FC49709-9418-47A2-9204-2276DE2B4542}.Debug|iPhone.ActiveCfg = Debug|Any CPU
		{8FC49709-9418-47A2-9204-2276DE2B4542}.Debug|iPhone.Build.0 = Debug|Any CPU
		{8FC49709-9418-47A2-9204-2276DE2B4542}.Debug|iPhone.Deploy.0 = Debug|Any CPU
		{8FC49709-9418-47A2-9204-2276DE2B4542}.Debug|iPhoneSimulator.ActiveCfg = Debug|Any CPU
		{8FC49709-9418-47A2-9204-2276DE2B4542}.Debug|iPhoneSimulator.Build.0 = Debug|Any CPU
		{8FC49709-9418-47A2-9204-2276DE2B4542}.Debug|iPhoneSimulator.Deploy.0 = Debug|Any CPU
		{8FC49709-9418-47A2-9204-2276DE2B4542}.Debug|x64.ActiveCfg = Debug|Any CPU
		{8FC49709-9418-47A2-9204-2276DE2B4542}.Debug|x64.Build.0 = Debug|Any CPU
		{8FC49709-9418-47A2-9204-2276DE2B4542}.Debug|x64.Deploy.0 = Debug|Any CPU
		{8FC49709-9418-47A2-9204-2276DE2B4542}.Debug|x86.ActiveCfg = Debug|x86
		{8FC49709-9418-47A2-9204-2276DE2B4542}.Debug|x86.Build.0 = Debug|x86
		{8FC49709-9418-47A2-9204-2276DE2B4542}.Debug|x86.Deploy.0 = Debug|x86
		{8FC49709-9418-47A2-9204-2276DE2B4542}.Release|Any CPU.ActiveCfg = Release|Any CPU
		{8FC49709-9418-47A2-9204-2276DE2B4542}.Release|Any CPU.Build.0 = Release|Any CPU
		{8FC49709-9418-47A2-9204-2276DE2B4542}.Release|Any CPU.Deploy.0 = Release|Any CPU
		{8FC49709-9418-47A2-9204-2276DE2B4542}.Release|ARM.ActiveCfg = Release|ARM
		{8FC49709-9418-47A2-9204-2276DE2B4542}.Release|ARM.Build.0 = Release|ARM
		{8FC49709-9418-47A2-9204-2276DE2B4542}.Release|ARM.Deploy.0 = Release|ARM
		{8FC49709-9418-47A2-9204-2276DE2B4542}.Release|iPhone.ActiveCfg = Release|Any CPU
		{8FC49709-9418-47A2-9204-2276DE2B4542}.Release|iPhone.Build.0 = Release|Any CPU
		{8FC49709-9418-47A2-9204-2276DE2B4542}.Release|iPhone.Deploy.0 = Release|Any CPU
		{8FC49709-9418-47A2-9204-2276DE2B4542}.Release|iPhoneSimulator.ActiveCfg = Release|Any CPU
		{8FC49709-9418-47A2-9204-2276DE2B4542}.Release|iPhoneSimulator.Build.0 = Release|Any CPU
		{8FC49709-9418-47A2-9204-2276DE2B4542}.Release|iPhoneSimulator.Deploy.0 = Release|Any CPU
		{8FC49709-9418-47A2-9204-2276DE2B4542}.Release|x64.ActiveCfg = Release|Any CPU
		{8FC49709-9418-47A2-9204-2276DE2B4542}.Release|x64.Build.0 = Release|Any CPU
		{8FC49709-9418-47A2-9204-2276DE2B4542}.Release|x64.Deploy.0 = Release|Any CPU
		{8FC49709-9418-47A2-9204-2276DE2B4542}.Release|x86.ActiveCfg = Release|x86
		{8FC49709-9418-47A2-9204-2276DE2B4542}.Release|x86.Build.0 = Release|x86
		{8FC49709-9418-47A2-9204-2276DE2B4542}.Release|x86.Deploy.0 = Release|x86
		{2BD21949-238C-416D-B467-07E7ACB6EF28}.Ad-Hoc|Any CPU.ActiveCfg = Release|Any CPU
		{2BD21949-238C-416D-B467-07E7ACB6EF28}.Ad-Hoc|Any CPU.Build.0 = Release|Any CPU
		{2BD21949-238C-416D-B467-07E7ACB6EF28}.Ad-Hoc|Any CPU.Deploy.0 = Release|Any CPU
		{2BD21949-238C-416D-B467-07E7ACB6EF28}.Ad-Hoc|ARM.ActiveCfg = Release|ARM
		{2BD21949-238C-416D-B467-07E7ACB6EF28}.Ad-Hoc|ARM.Build.0 = Release|ARM
		{2BD21949-238C-416D-B467-07E7ACB6EF28}.Ad-Hoc|ARM.Deploy.0 = Release|ARM
		{2BD21949-238C-416D-B467-07E7ACB6EF28}.Ad-Hoc|iPhone.ActiveCfg = Release|Any CPU
		{2BD21949-238C-416D-B467-07E7ACB6EF28}.Ad-Hoc|iPhone.Build.0 = Release|Any CPU
		{2BD21949-238C-416D-B467-07E7ACB6EF28}.Ad-Hoc|iPhone.Deploy.0 = Release|Any CPU
		{2BD21949-238C-416D-B467-07E7ACB6EF28}.Ad-Hoc|iPhoneSimulator.ActiveCfg = Release|Any CPU
		{2BD21949-238C-416D-B467-07E7ACB6EF28}.Ad-Hoc|iPhoneSimulator.Build.0 = Release|Any CPU
		{2BD21949-238C-416D-B467-07E7ACB6EF28}.Ad-Hoc|iPhoneSimulator.Deploy.0 = Release|Any CPU
		{2BD21949-238C-416D-B467-07E7ACB6EF28}.Ad-Hoc|x64.ActiveCfg = Release|x64
		{2BD21949-238C-416D-B467-07E7ACB6EF28}.Ad-Hoc|x64.Build.0 = Release|x64
		{2BD21949-238C-416D-B467-07E7ACB6EF28}.Ad-Hoc|x64.Deploy.0 = Release|x64
		{2BD21949-238C-416D-B467-07E7ACB6EF28}.Ad-Hoc|x86.ActiveCfg = Release|x86
		{2BD21949-238C-416D-B467-07E7ACB6EF28}.Ad-Hoc|x86.Build.0 = Release|x86
		{2BD21949-238C-416D-B467-07E7ACB6EF28}.Ad-Hoc|x86.Deploy.0 = Release|x86
		{2BD21949-238C-416D-B467-07E7ACB6EF28}.AppStore|Any CPU.ActiveCfg = Release|Any CPU
		{2BD21949-238C-416D-B467-07E7ACB6EF28}.AppStore|Any CPU.Build.0 = Release|Any CPU
		{2BD21949-238C-416D-B467-07E7ACB6EF28}.AppStore|Any CPU.Deploy.0 = Release|Any CPU
		{2BD21949-238C-416D-B467-07E7ACB6EF28}.AppStore|ARM.ActiveCfg = Release|ARM
		{2BD21949-238C-416D-B467-07E7ACB6EF28}.AppStore|ARM.Build.0 = Release|ARM
		{2BD21949-238C-416D-B467-07E7ACB6EF28}.AppStore|ARM.Deploy.0 = Release|ARM
		{2BD21949-238C-416D-B467-07E7ACB6EF28}.AppStore|iPhone.ActiveCfg = Release|Any CPU
		{2BD21949-238C-416D-B467-07E7ACB6EF28}.AppStore|iPhone.Build.0 = Release|Any CPU
		{2BD21949-238C-416D-B467-07E7ACB6EF28}.AppStore|iPhone.Deploy.0 = Release|Any CPU
		{2BD21949-238C-416D-B467-07E7ACB6EF28}.AppStore|iPhoneSimulator.ActiveCfg = Release|Any CPU
		{2BD21949-238C-416D-B467-07E7ACB6EF28}.AppStore|iPhoneSimulator.Build.0 = Release|Any CPU
		{2BD21949-238C-416D-B467-07E7ACB6EF28}.AppStore|iPhoneSimulator.Deploy.0 = Release|Any CPU
		{2BD21949-238C-416D-B467-07E7ACB6EF28}.AppStore|x64.ActiveCfg = Release|x64
		{2BD21949-238C-416D-B467-07E7ACB6EF28}.AppStore|x64.Build.0 = Release|x64
		{2BD21949-238C-416D-B467-07E7ACB6EF28}.AppStore|x64.Deploy.0 = Release|x64
		{2BD21949-238C-416D-B467-07E7ACB6EF28}.AppStore|x86.ActiveCfg = Release|x86
		{2BD21949-238C-416D-B467-07E7ACB6EF28}.AppStore|x86.Build.0 = Release|x86
		{2BD21949-238C-416D-B467-07E7ACB6EF28}.AppStore|x86.Deploy.0 = Release|x86
		{2BD21949-238C-416D-B467-07E7ACB6EF28}.Debug|Any CPU.ActiveCfg = Debug|Any CPU
		{2BD21949-238C-416D-B467-07E7ACB6EF28}.Debug|Any CPU.Build.0 = Debug|Any CPU
		{2BD21949-238C-416D-B467-07E7ACB6EF28}.Debug|Any CPU.Deploy.0 = Debug|Any CPU
		{2BD21949-238C-416D-B467-07E7ACB6EF28}.Debug|ARM.ActiveCfg = Debug|ARM
		{2BD21949-238C-416D-B467-07E7ACB6EF28}.Debug|ARM.Build.0 = Debug|ARM
		{2BD21949-238C-416D-B467-07E7ACB6EF28}.Debug|ARM.Deploy.0 = Debug|ARM
		{2BD21949-238C-416D-B467-07E7ACB6EF28}.Debug|iPhone.ActiveCfg = Debug|Any CPU
		{2BD21949-238C-416D-B467-07E7ACB6EF28}.Debug|iPhone.Build.0 = Debug|Any CPU
		{2BD21949-238C-416D-B467-07E7ACB6EF28}.Debug|iPhone.Deploy.0 = Debug|Any CPU
		{2BD21949-238C-416D-B467-07E7ACB6EF28}.Debug|iPhoneSimulator.ActiveCfg = Debug|Any CPU
		{2BD21949-238C-416D-B467-07E7ACB6EF28}.Debug|iPhoneSimulator.Build.0 = Debug|Any CPU
		{2BD21949-238C-416D-B467-07E7ACB6EF28}.Debug|iPhoneSimulator.Deploy.0 = Debug|Any CPU
		{2BD21949-238C-416D-B467-07E7ACB6EF28}.Debug|x64.ActiveCfg = Debug|x64
		{2BD21949-238C-416D-B467-07E7ACB6EF28}.Debug|x64.Build.0 = Debug|x64
		{2BD21949-238C-416D-B467-07E7ACB6EF28}.Debug|x64.Deploy.0 = Debug|x64
		{2BD21949-238C-416D-B467-07E7ACB6EF28}.Debug|x86.ActiveCfg = Debug|x86
		{2BD21949-238C-416D-B467-07E7ACB6EF28}.Debug|x86.Build.0 = Debug|x86
		{2BD21949-238C-416D-B467-07E7ACB6EF28}.Debug|x86.Deploy.0 = Debug|x86
		{2BD21949-238C-416D-B467-07E7ACB6EF28}.Release|Any CPU.ActiveCfg = Release|Any CPU
		{2BD21949-238C-416D-B467-07E7ACB6EF28}.Release|Any CPU.Build.0 = Release|Any CPU
		{2BD21949-238C-416D-B467-07E7ACB6EF28}.Release|Any CPU.Deploy.0 = Release|Any CPU
		{2BD21949-238C-416D-B467-07E7ACB6EF28}.Release|ARM.ActiveCfg = Release|ARM
		{2BD21949-238C-416D-B467-07E7ACB6EF28}.Release|ARM.Build.0 = Release|ARM
		{2BD21949-238C-416D-B467-07E7ACB6EF28}.Release|ARM.Deploy.0 = Release|ARM
		{2BD21949-238C-416D-B467-07E7ACB6EF28}.Release|iPhone.ActiveCfg = Release|Any CPU
		{2BD21949-238C-416D-B467-07E7ACB6EF28}.Release|iPhone.Build.0 = Release|Any CPU
		{2BD21949-238C-416D-B467-07E7ACB6EF28}.Release|iPhone.Deploy.0 = Release|Any CPU
		{2BD21949-238C-416D-B467-07E7ACB6EF28}.Release|iPhoneSimulator.ActiveCfg = Release|Any CPU
		{2BD21949-238C-416D-B467-07E7ACB6EF28}.Release|iPhoneSimulator.Build.0 = Release|Any CPU
		{2BD21949-238C-416D-B467-07E7ACB6EF28}.Release|iPhoneSimulator.Deploy.0 = Release|Any CPU
		{2BD21949-238C-416D-B467-07E7ACB6EF28}.Release|x64.ActiveCfg = Release|x64
		{2BD21949-238C-416D-B467-07E7ACB6EF28}.Release|x64.Build.0 = Release|x64
		{2BD21949-238C-416D-B467-07E7ACB6EF28}.Release|x64.Deploy.0 = Release|x64
		{2BD21949-238C-416D-B467-07E7ACB6EF28}.Release|x86.ActiveCfg = Release|x86
		{2BD21949-238C-416D-B467-07E7ACB6EF28}.Release|x86.Build.0 = Release|x86
		{2BD21949-238C-416D-B467-07E7ACB6EF28}.Release|x86.Deploy.0 = Release|x86
		{08A4CDBD-48D9-4C0B-8E2B-B323FD6FE5E0}.Ad-Hoc|Any CPU.ActiveCfg = Release|Any CPU
		{08A4CDBD-48D9-4C0B-8E2B-B323FD6FE5E0}.Ad-Hoc|Any CPU.Build.0 = Release|Any CPU
		{08A4CDBD-48D9-4C0B-8E2B-B323FD6FE5E0}.Ad-Hoc|ARM.ActiveCfg = Release|Any CPU
		{08A4CDBD-48D9-4C0B-8E2B-B323FD6FE5E0}.Ad-Hoc|ARM.Build.0 = Release|Any CPU
		{08A4CDBD-48D9-4C0B-8E2B-B323FD6FE5E0}.Ad-Hoc|iPhone.ActiveCfg = Release|Any CPU
		{08A4CDBD-48D9-4C0B-8E2B-B323FD6FE5E0}.Ad-Hoc|iPhone.Build.0 = Release|Any CPU
		{08A4CDBD-48D9-4C0B-8E2B-B323FD6FE5E0}.Ad-Hoc|iPhoneSimulator.ActiveCfg = Release|Any CPU
		{08A4CDBD-48D9-4C0B-8E2B-B323FD6FE5E0}.Ad-Hoc|iPhoneSimulator.Build.0 = Release|Any CPU
		{08A4CDBD-48D9-4C0B-8E2B-B323FD6FE5E0}.Ad-Hoc|x64.ActiveCfg = Release|Any CPU
		{08A4CDBD-48D9-4C0B-8E2B-B323FD6FE5E0}.Ad-Hoc|x64.Build.0 = Release|Any CPU
		{08A4CDBD-48D9-4C0B-8E2B-B323FD6FE5E0}.Ad-Hoc|x86.ActiveCfg = Release|Any CPU
		{08A4CDBD-48D9-4C0B-8E2B-B323FD6FE5E0}.Ad-Hoc|x86.Build.0 = Release|Any CPU
		{08A4CDBD-48D9-4C0B-8E2B-B323FD6FE5E0}.AppStore|Any CPU.ActiveCfg = Release|Any CPU
		{08A4CDBD-48D9-4C0B-8E2B-B323FD6FE5E0}.AppStore|Any CPU.Build.0 = Release|Any CPU
		{08A4CDBD-48D9-4C0B-8E2B-B323FD6FE5E0}.AppStore|ARM.ActiveCfg = Release|Any CPU
		{08A4CDBD-48D9-4C0B-8E2B-B323FD6FE5E0}.AppStore|ARM.Build.0 = Release|Any CPU
		{08A4CDBD-48D9-4C0B-8E2B-B323FD6FE5E0}.AppStore|iPhone.ActiveCfg = Release|Any CPU
		{08A4CDBD-48D9-4C0B-8E2B-B323FD6FE5E0}.AppStore|iPhone.Build.0 = Release|Any CPU
		{08A4CDBD-48D9-4C0B-8E2B-B323FD6FE5E0}.AppStore|iPhoneSimulator.ActiveCfg = Release|Any CPU
		{08A4CDBD-48D9-4C0B-8E2B-B323FD6FE5E0}.AppStore|iPhoneSimulator.Build.0 = Release|Any CPU
		{08A4CDBD-48D9-4C0B-8E2B-B323FD6FE5E0}.AppStore|x64.ActiveCfg = Release|Any CPU
		{08A4CDBD-48D9-4C0B-8E2B-B323FD6FE5E0}.AppStore|x64.Build.0 = Release|Any CPU
		{08A4CDBD-48D9-4C0B-8E2B-B323FD6FE5E0}.AppStore|x86.ActiveCfg = Release|Any CPU
		{08A4CDBD-48D9-4C0B-8E2B-B323FD6FE5E0}.AppStore|x86.Build.0 = Release|Any CPU
		{08A4CDBD-48D9-4C0B-8E2B-B323FD6FE5E0}.Debug|Any CPU.ActiveCfg = Debug|Any CPU
		{08A4CDBD-48D9-4C0B-8E2B-B323FD6FE5E0}.Debug|Any CPU.Build.0 = Debug|Any CPU
		{08A4CDBD-48D9-4C0B-8E2B-B323FD6FE5E0}.Debug|ARM.ActiveCfg = Debug|Any CPU
		{08A4CDBD-48D9-4C0B-8E2B-B323FD6FE5E0}.Debug|ARM.Build.0 = Debug|Any CPU
		{08A4CDBD-48D9-4C0B-8E2B-B323FD6FE5E0}.Debug|iPhone.ActiveCfg = Debug|Any CPU
		{08A4CDBD-48D9-4C0B-8E2B-B323FD6FE5E0}.Debug|iPhone.Build.0 = Debug|Any CPU
		{08A4CDBD-48D9-4C0B-8E2B-B323FD6FE5E0}.Debug|iPhoneSimulator.ActiveCfg = Debug|Any CPU
		{08A4CDBD-48D9-4C0B-8E2B-B323FD6FE5E0}.Debug|iPhoneSimulator.Build.0 = Debug|Any CPU
		{08A4CDBD-48D9-4C0B-8E2B-B323FD6FE5E0}.Debug|x64.ActiveCfg = Debug|Any CPU
		{08A4CDBD-48D9-4C0B-8E2B-B323FD6FE5E0}.Debug|x64.Build.0 = Debug|Any CPU
		{08A4CDBD-48D9-4C0B-8E2B-B323FD6FE5E0}.Debug|x86.ActiveCfg = Debug|Any CPU
		{08A4CDBD-48D9-4C0B-8E2B-B323FD6FE5E0}.Debug|x86.Build.0 = Debug|Any CPU
		{08A4CDBD-48D9-4C0B-8E2B-B323FD6FE5E0}.Release|Any CPU.ActiveCfg = Release|Any CPU
		{08A4CDBD-48D9-4C0B-8E2B-B323FD6FE5E0}.Release|Any CPU.Build.0 = Release|Any CPU
		{08A4CDBD-48D9-4C0B-8E2B-B323FD6FE5E0}.Release|ARM.ActiveCfg = Release|Any CPU
		{08A4CDBD-48D9-4C0B-8E2B-B323FD6FE5E0}.Release|ARM.Build.0 = Release|Any CPU
		{08A4CDBD-48D9-4C0B-8E2B-B323FD6FE5E0}.Release|iPhone.ActiveCfg = Release|Any CPU
		{08A4CDBD-48D9-4C0B-8E2B-B323FD6FE5E0}.Release|iPhone.Build.0 = Release|Any CPU
		{08A4CDBD-48D9-4C0B-8E2B-B323FD6FE5E0}.Release|iPhoneSimulator.ActiveCfg = Release|Any CPU
		{08A4CDBD-48D9-4C0B-8E2B-B323FD6FE5E0}.Release|iPhoneSimulator.Build.0 = Release|Any CPU
		{08A4CDBD-48D9-4C0B-8E2B-B323FD6FE5E0}.Release|x64.ActiveCfg = Release|Any CPU
		{08A4CDBD-48D9-4C0B-8E2B-B323FD6FE5E0}.Release|x64.Build.0 = Release|Any CPU
		{08A4CDBD-48D9-4C0B-8E2B-B323FD6FE5E0}.Release|x86.ActiveCfg = Release|Any CPU
		{08A4CDBD-48D9-4C0B-8E2B-B323FD6FE5E0}.Release|x86.Build.0 = Release|Any CPU
	EndGlobalSection
	GlobalSection(SolutionProperties) = preSolution
		HideSolutionNode = FALSE
	EndGlobalSection
EndGlobal
